# THIS IS AN AUTOGENERATED FILE. DO NOT EDIT THIS FILE DIRECTLY.
assets/_js-module.ajaxCart.js.liquid:
  development: 2017-08-17T04:41:24-04:00   9fc21d80e5d657b105c27d051ab34819
assets/_js-module.ajaxSearch.js.liquid:
  development: 2017-08-17T04:41:24-04:00   a9dd936192c1467e4662b922ed8c011b
assets/_js-module.blogSorting.js.liquid:
  development: 2017-08-17T04:41:24-04:00   52df1466008b4416e610090e7b115ebb
assets/_js-module.collectionSorting.js:
  development: 2017-08-17T04:41:24-04:00   895a3ad6323e32ddb9aa0fb8455a7f31
assets/_js-module.currencyInit.js.liquid:
  development: 2017-08-17T04:41:24-04:00   3bffc6a88fb152d10064fd0fd6e84d2f
assets/_js-module.customerForms.js:
  development: 2017-08-17T04:41:24-04:00   7a9755049e5d6e0f4d3ce179a7fda45c
assets/_js-module.drawers.js:
  development: 2017-08-17T04:41:24-04:00   6856415f0d259d4054395f123e0dc2f8
assets/_js-module.dropdowns.js:
  development: 2017-08-17T04:41:24-04:00   e79f64f214276f94bb2fb95ef6c1348c
assets/_js-module.formValidation.js.liquid:
  development: 2017-08-17T04:41:25-04:00   fc41c7a0c42427400d11c2f700133894
assets/_js-module.googleMaps.js:
  development: 2017-08-17T04:41:25-04:00   77e7598f8186c2413ca138d3ebae8457
assets/_js-module.gruit-popup.js:
  development: 2017-08-17T04:41:25-04:00   1404a84e84dac2961f5bd51b15cfe6b9
assets/_js-module.header.js:
  development: 2017-08-17T04:41:25-04:00   22971d6b0e7afe6fca7309173c4b2a87
assets/_js-module.headerSearchBox.js.liquid:
  development: 2017-08-17T04:41:25-04:00   538eb098c37c5e75ef4fae3a3bc02eb5
assets/_js-module.helpers.js:
  development: 2017-08-17T04:41:25-04:00   12b912621b6bd2d63efe85ce80eab13c
assets/_js-module.instagramFeed.js.liquid:
  development: 2017-08-17T04:41:25-04:00   89dc5f95dbe154f6c7f0ce96943d5b01
assets/_js-module.lookbookPicker.js.liquid:
  development: 2017-08-17T04:41:25-04:00   9f8cca29922996a5450c1eec01d8ef93
assets/_js-module.parallax.js:
  development: 2017-08-17T04:41:25-04:00   5bd23316d849252eb6ab77dee51df35a
assets/_js-module.pjax.js:
  development: 2017-08-17T04:41:26-04:00   7c83f1c6ff9b7e6d887114dd388cce3f
assets/_js-module.popupDiscount.js:
  development: 2017-08-17T04:41:26-04:00   cf61eedc5372ffc594fb792c4fff947f
assets/_js-module.productBuilderProductPicker.js.liquid:
  development: 2017-08-17T04:41:26-04:00   54948337161c289b51813b367fcd4c3e
assets/_js-module.productBuilderTab.js:
  development: 2017-08-17T04:41:26-04:00   66fd89a94e6bb0d5667af6de081a71c5
assets/_js-module.productVariantsConverter.js:
  development: 2017-08-17T04:41:26-04:00   10364048cac37a06a9c3c4716ee520b6
assets/_js-module.quantityBox.js.liquid:
  development: 2017-08-17T04:41:26-04:00   bbd0df3555884e5381ea58cf3d077639
assets/_js-module.reviewsModal.js.liquid:
  development: 2017-08-17T04:41:26-04:00   6bd79ed0f41995acada6d229409fec86
assets/_js-module.scrollbar.min.js:
  development: 2017-08-17T04:41:26-04:00   1993d610e848f4d626ea19c07739057e
assets/_js-module.specialPackaging.js.liquid:
  development: 2017-08-17T04:41:26-04:00   5150a7e278f42688fc7f8ec969dfdeab
assets/_js-module.speechRecognizer.js:
  development: 2017-08-17T04:41:26-04:00   0f09b7430e43a8f9fb78286fb6398547
assets/_js-module.utils.js:
  development: 2017-08-17T04:41:26-04:00   a1cfbf58dd962b1d54385262ac720320
assets/_js-module.wishlist.js.liquid:
  development: 2017-08-17T04:41:27-04:00   99ed60593de26f735326508ee400f9bb
assets/css.flexslider.css:
  development: 2017-08-17T04:41:27-04:00   8345faf1bb4e80a3361fb9a827dbc572
assets/css.flipclock.css:
  development: 2017-08-17T04:41:27-04:00   363d105c9df4e78e38f078c375b0b2e9
assets/css.gruit-popup.css:
  development: 2017-08-17T04:41:27-04:00   53b17cff49c754b44157d2ff0b39dc70
assets/css.style.scss.liquid:
  development: 2017-09-20T20:27:20-04:00   fe5c120dab54cd1c0e0b3acfade4909c
assets/css.swiper.min.css:
  development: 2017-08-17T04:41:27-04:00   93ba3ad95d972ab8d129d2292bbe42f2
assets/favicon.ico:
  development: 2017-08-17T04:41:27-04:00   5abd8b2f5cdc7b432c7e76489f2c5be5
assets/favicon_apple-touch-icon-57x57.png:
  development: 2017-08-17T04:41:28-04:00   bbb0f66649b1f274a7ad761d732e3d70
assets/favicon_apple-touch-icon-72x72.png:
  development: 2017-08-17T04:41:28-04:00   985e56a944b275c8573f6afeacfd8ff6
assets/favicon_apple-touch-icon-114x114.png:
  development: 2017-08-17T04:41:27-04:00   bc7148d9d3195af3427db34dcd612983
assets/favicon_apple-touch-icon-144x144.png:
  development: 2017-08-17T04:41:28-04:00   9501a537e353488cf02a59057fbcc1fd
assets/favicon_apple-touch-icon-152x152.png:
  development: 2017-08-17T04:41:28-04:00   3caee833913fc840373670e6ac18e249
assets/img_404_bg.jpg:
  development: 2017-08-17T04:41:28-04:00   d24092dce23a1ad265463218c5d990c9
assets/img_banner_checkout.jpg:
  development: 2017-08-17T04:41:28-04:00   e06fa8f59a88fffc9df2943bdb28e9d5
assets/img_comments_default_avatar.png:
  development: 2017-08-17T04:41:28-04:00   72739b0fcfbf6e52c3fe34cbaa6b7f9b
assets/img_contact_banner.jpg:
  development: 2017-08-22T00:58:03-04:00   b0c35bd2aec90fa3da1410d6ccdbe026
assets/img_homepage_slide_1.jpg:
  development: 2017-08-17T04:41:29-04:00   7c77352f10b4dbac5804b95c421b208c
assets/img_homepage_slide_1.png:
  development: 2017-08-17T04:41:29-04:00   f75f4257a030f0ada22eedbb86becd8d
assets/img_homepage_slide_2.jpg:
  development: 2017-08-17T04:41:29-04:00   c80a94474ffa88805ab5af8e3ccf8119
assets/img_homepage_slide_3.jpg:
  development: 2017-08-17T04:41:29-04:00   8a18deade1052162459419d02cb97127
assets/img_homepage_slide_3.png:
  development: 2017-08-17T04:41:30-04:00   3dfb3936c9e90f64782ae2c3ba0c45ab
assets/img_homepage_special_1.jpg:
  development: 2017-08-17T04:41:30-04:00   8c3155d318bc6bc33a0f8f764f763bbc
assets/img_homepage_special_2.jpg:
  development: 2017-08-17T04:41:30-04:00   34b510b644da2dcb17d559f04bb24e12
assets/img_homepage_special_mb_1.jpg:
  development: 2017-08-17T04:41:30-04:00   8d71370d67f4da161c58e2788b21c6a1
assets/img_homepage_special_mb_2.jpg:
  development: 2017-08-17T04:41:30-04:00   331950996a8939c94edd81d4c3c272a6
assets/img_homepage_special_product.png:
  development: 2017-08-17T04:41:31-04:00   e846de63a9093e9aa92112f6db0e1365
assets/img_landing_hero.jpg:
  development: 2017-08-17T04:41:31-04:00   78e0f008cd13473371f3a45d8f18c491
assets/img_no_image.jpg:
  development: 2017-08-17T04:41:31-04:00   40b744f9bcfa0f6971ac7074261e1479
assets/img_no_image_sm.jpg:
  development: 2017-08-17T04:41:31-04:00   fff1081b3cb2e19f5e4103a47fa67320
assets/img_password_page_bg.jpg:
  development: 2017-08-17T04:41:31-04:00   78e0f008cd13473371f3a45d8f18c491
assets/img_password_page_logo.png:
  development: 2017-08-17T04:41:31-04:00   72dbfc6d49b1301f539df5ea5e97a0b0
assets/img_popup-link-container-bg.png:
  development: 2017-08-17T04:41:32-04:00   34c273d6c43f2e5b5c06e3f27a5b25f4
assets/img_svg_confetti.svg:
  development: 2017-08-17T04:41:32-04:00   1fd200652270e171585eabf564152112
assets/img_svg_gift-card.svg:
  development: 2017-08-17T04:41:32-04:00   175ffa2dad53db8ec5ef82f5f346c4bb
assets/img_thumb_homepage_slide_1.jpg:
  development: 2017-08-17T04:41:32-04:00   170df7143dffd43f65bd3e1502beda3b
assets/img_thumb_homepage_slide_2.jpg:
  development: 2017-08-17T04:41:32-04:00   e3f518c0fca30bca7ecd3fe2e39884c5
assets/img_thumb_homepage_slide_3.jpg:
  development: 2017-08-17T04:41:32-04:00   98311aef61ecdaaa1b1dc51f2a2d4c9f
assets/js-third-party.fetch.js:
  development: 2017-08-17T04:41:32-04:00   fcaae5c2e2ebe2eea240074f03480884
assets/js-third-party.flexslider.min.js:
  development: 2017-08-17T04:41:32-04:00   8aea7a4e84eae41ad612833a0d51326c
assets/js-third-party.flipclock.js:
  development: 2017-08-17T04:41:33-04:00   a925ef1692a864a135e6ce20ab29ce45
assets/js-third-party.instafeed.js:
  development: 2017-08-17T04:41:33-04:00   c973ac1d83551ea188d40c2262d56121
assets/js-third-party.jquery.cart.min.js:
  development: 2017-08-17T04:41:33-04:00   ca641d0c9d4a50a71af0e50a04ff6504
assets/js-third-party.jquery.currencies.js:
  development: 2017-08-17T04:41:33-04:00   50d95003ea5157e2f236047bbec5c3ec
assets/js-third-party.modernizr.min.js:
  development: 2017-08-17T04:41:33-04:00   dc21cffad945a84cbbe770d52b1a0ded
assets/js-third-party.recorder.js:
  development: 2017-08-17T04:41:33-04:00   18522c3a7072801765c2caa2aa96cca7
assets/js-third-party.require.js:
  development: 2017-08-17T04:41:33-04:00   eb0ef9ae5ed627559fa95dce2937ac06
assets/js-third-party.require.min.js:
  development: 2017-08-17T04:41:33-04:00   0966fff938ba2a2e11b6848156fa86e2
assets/js-third-party.snap.svg-min.js:
  development: 2017-08-17T04:41:34-04:00   b92f25bc9c56c69a481d2db4620f8304
assets/js-third-party.swiper.min.js:
  development: 2017-08-17T04:41:34-04:00   01aba3c380add481bc3a2743edaecb29
assets/logo.png:
  development: 2017-08-17T04:41:34-04:00   72dbfc6d49b1301f539df5ea5e97a0b0
config/settings_data.json:
  development: 2017-09-20T20:21:12-04:00   63ff32453f3031214f4bcf54ce22b543
config/settings_schema.json:
  development: 2017-08-17T04:41:34-04:00   94b784b53b69e876519e18c0c8b70a51
layout/theme.liquid:
  development: 2017-08-17T04:41:34-04:00   97a3fffe1c1e4146f11acca71828ac78
locales/en.default.json:
  development: 2017-08-22T01:40:03-04:00   85c6cd08d5ca162744ba0f1559114102
sections/feature-collections.liquid:
  development: 2017-08-17T04:41:22-04:00   e41fb1cace28fee01907d1e4eeab80b5
sections/featured-carousel.liquid:
  development: 2017-08-17T04:41:22-04:00   2cb868a0a899edd799eead64ff74479c
sections/feedbacks.liquid:
  development: 2017-08-17T04:41:22-04:00   fea3fae0be0356690533317165cb1b6e
sections/footer.liquid:
  development: 2017-08-17T04:41:22-04:00   3d958ac4a5ace3958787ee9effcc888e
sections/header.liquid:
  development: 2017-08-17T04:41:22-04:00   1e87feb3735761001584896ceae5593b
sections/hero-about-us.liquid:
  development: 2017-08-17T04:41:22-04:00   4d3ed4062bb99578f4499a38d9119214
sections/hero-image.liquid:
  development: 2017-08-17T04:41:22-04:00   30ee5bc8d2b237cbc5e22637f8adabd7
sections/information.liquid:
  development: 2017-08-17T04:41:22-04:00   a0478d67a35c4dca95271c2b5480a83a
sections/lookbook-page.liquid:
  development: 2017-08-17T04:41:22-04:00   846973670fcf5ac0fce4ed1860dcf707
sections/offers-pack.liquid:
  development: 2017-08-17T04:41:22-04:00   2b01319e577083b5a3664ed24565fa32
sections/offers-product-02.liquid:
  development: 2017-08-17T04:41:22-04:00   f3b861c94666830874e4f6e65f233d5d
sections/offers-product-03.liquid:
  development: 2017-08-17T04:41:22-04:00   a68fd3743ab56eaaa1c6d5b5e79ea2c4
sections/offers-product.liquid:
  development: 2017-08-17T04:41:22-04:00   7668c63789b01a454be86ac201b7593c
sections/offers-products.liquid:
  development: 2017-08-17T04:41:22-04:00   49a880ae01c1ed79917f2205085e346f
sections/offers-season.liquid:
  development: 2017-09-20T19:46:38-04:00   9e7310bfd84d80bea214b34a699d7e3a
sections/offers-section.liquid:
  development: 2017-08-17T04:41:22-04:00   8b96eb37d99401236d5da9e7192e71d0
sections/our_team.liquid:
  development: 2017-08-17T04:41:22-04:00   75fda5bfb2d0d5c8d12aca9191dc4bc4
sections/plain-html.liquid:
  development: 2017-08-17T04:41:22-04:00   e537211e069f3a4f1b1b9189bf7e6b17
sections/product-boxed.liquid:
  development: 2017-08-22T02:27:37-04:00   bb3e0454dba9383e86400cbf72cabf29
sections/product-builder.liquid:
  development: 2017-08-17T04:41:22-04:00   5481eece9383d345f5197eda3022800c
sections/recipe-block-01.liquid:
  development: 2017-08-17T04:41:22-04:00   275730b97d98cc218f3f47a3dbba9cfa
sections/recipe-block-02.liquid:
  development: 2017-08-17T04:41:22-04:00   497a6c0932329f175bc1f80a98f935e8
sections/recipes-by-author.liquid:
  development: 2017-08-17T04:41:23-04:00   570462a069d876348d703a16108c6176
sections/recipes.liquid:
  development: 2017-08-17T04:41:23-04:00   df7bffaeed03c7cde8e20c4b5307f898
sections/slider-about-us.liquid:
  development: 2017-08-17T04:41:23-04:00   e58ca56eda47c1be23cb35aa4c9d5ed9
sections/slideshow.liquid:
  development: 2017-08-17T04:41:23-04:00   1ccf242d01f785ab9ee9a9c88312868f
sections/subscribe-form.liquid:
  development: 2017-08-17T04:41:23-04:00   60f970658f1cb28e75ef16f35c0e1df1
sections/three-col.liquid:
  development: 2017-09-20T20:11:53-04:00   a306d5a149147e39255a1b8bca791ebf
snippets/_header[search-compact].liquid:
  development: 2017-08-17T04:41:34-04:00   26ef35f6e2feb92e3f53b4630807d13d
snippets/_header[search-voice].liquid:
  development: 2017-08-17T04:41:34-04:00   6a27ec389fece1eee3080f439e52a66e
snippets/_js[require-config].liquid:
  development: 2017-08-17T04:41:34-04:00   ddfde4197783f78d178bfab1048d5ee1
snippets/about-us-advantages.liquid:
  development: 2017-08-17T04:41:34-04:00   ce435332a316ecde7470126366acbcc3
snippets/adding-wooden-box.liquid:
  development: 2017-08-17T04:41:34-04:00   cae030ee6e56fff5c3ac275496b2a87d
snippets/additional-mobile-menu.liquid:
  development: 2017-08-17T04:41:34-04:00   0ddd8076482e3581fc5de2423f924167
snippets/clear-shortcode.liquid:
  development: 2017-08-17T04:41:34-04:00   ae70c68e34f577b47b70dc9ab0a8a2ac
snippets/collection-toolbar.liquid:
  development: 2017-08-17T04:41:34-04:00   1d2049465d08d966c8d16152069e0e0e
snippets/currencies.liquid:
  development: 2017-08-17T04:41:34-04:00
snippets/currency-picker.liquid:
  development: 2017-08-17T04:41:34-04:00   e8bbe946f0a8c69c745977f7aad35c9f
snippets/fallback-msg.liquid:
  development: 2017-08-17T04:41:34-04:00   529e09990068b956750140d87b6b65df
snippets/favicon.liquid:
  development: 2017-08-17T04:41:34-04:00   e5af681a8a4ca91c3bbe69dae628ff0f
snippets/featured-carousel.liquid:
  development: 2017-08-17T04:41:34-04:00   3ebfc5cd3ba87adecd388b080884954c
snippets/find-product.liquid:
  development: 2017-08-17T04:41:34-04:00   159e2e1c276a48b50fb1b749b0812cf6
snippets/google-fonts-ajax.liquid:
  development: 2017-08-17T04:41:34-04:00   a262c47d36f34172aa54f9744ec1fc89
snippets/google-fonts.liquid:
  development: 2017-08-17T04:41:34-04:00   cd3fe892d6441e3dc8e17be221ae7d75
snippets/homepage-recipes.liquid:
  development: 2017-08-17T04:41:34-04:00   d3a546705c4a62b3baa1ec06a9eb6199
snippets/homepage-slideshow.liquid:
  development: 2017-08-17T04:41:34-04:00   a4a671c9636f9fb75c7d553f641552c8
snippets/logo.liquid:
  development: 2017-08-17T04:41:34-04:00   f21de46d7fd23017c9b40a87647d562f
snippets/meta-tags.liquid:
  development: 2017-08-17T04:41:34-04:00   58e390413bc3d8b2864b9d7a1682e90f
snippets/pagination.liquid:
  development: 2017-08-17T04:41:34-04:00   fd0bfd80fb61b9d40ae7ae385c596d23
snippets/popup-discount-image.liquid:
  development: 2017-08-17T04:41:34-04:00   5d19fbd6e14e9029714ea30d6b7a58e8
snippets/product-item-grid.liquid:
  development: 2017-08-17T04:41:34-04:00   1a0c8edb0658b3fffddc4aa4b0ed3053
snippets/product-slideshow.liquid:
  development: 2017-08-17T04:41:34-04:00   7447a3fbe0ad2c1189ef3c7ab2991bae
snippets/scripts.liquid:
  development: 2017-08-17T04:41:35-04:00   342298a349013d78eb8c0f0deacea641
snippets/shipping-calculator.liquid:
  development: 2017-08-17T04:41:35-04:00   7434c72824f7c6bc10d15f84b77107c0
snippets/shortcode-product.liquid:
  development: 2017-08-17T04:41:35-04:00   b85446dca7fcfb8e60c496358559dd1d
snippets/shortcode-recipe.liquid:
  development: 2017-08-17T04:41:35-04:00   bf58cb946735dbdd66c08a3594cd9dde
snippets/shortcode-render.liquid:
  development: 2017-08-17T04:41:35-04:00   a694556b9be9484e2905bb8818b015ef
snippets/shortcode-value.liquid:
  development: 2017-08-17T04:41:35-04:00   6a96c27bf0fc405dbca6354d1fd0cb38
snippets/shortcode.liquid:
  development: 2017-08-17T04:41:35-04:00   3f119e869e07866919e0b566d5247482
snippets/similar-product-carousel-collection.liquid:
  development: 2017-08-17T04:41:35-04:00   a94e5d65dffc713a669b4c502bf60c02
snippets/similar-product-carousel-tag.liquid:
  development: 2017-08-17T04:41:35-04:00   adc041e4815c4b97491258f3a72e99f7
snippets/social-links.liquid:
  development: 2017-08-17T04:41:35-04:00   08d8c0b4fd51bd9bff53318e9ce73f17
snippets/social-sharing.liquid:
  development: 2017-08-17T04:41:35-04:00   d5de41fd0416fe31ee538648d24fb8ca
snippets/special-offer-product.liquid:
  development: 2017-08-17T04:41:35-04:00   96dfc8a458259e44af4c13ec649d538f
snippets/special-offer.liquid:
  development: 2017-08-17T04:41:35-04:00   23af5d115b17ec93bf9053734d5c70f1
snippets/strip-html-tags.liquid:
  development: 2017-08-17T04:41:35-04:00   0654ac3756fd3f13bd1968dcfd240b77
snippets/strip_html_tags.liquid:
  development: 2017-08-17T04:41:35-04:00   989f39d33aa65a06c71a4206a86712ad
snippets/stylesheets.liquid:
  development: 2017-08-17T04:41:35-04:00   6ea159df20884f70f570ee39dd892995
snippets/subscribe-form-mailchimp.liquid:
  development: 2017-08-17T04:41:35-04:00   ead907137bff4323ec1701ed45663440
snippets/subscribe-form-shopify.liquid:
  development: 2017-08-17T04:41:35-04:00   4930d56a5d5c54f77fb863e1892ce720
templates/404.liquid:
  development: 2017-08-17T04:41:35-04:00   ad3279fbbe3db0955766ff00b35e7db5
templates/article.liquid:
  development: 2017-08-17T04:41:35-04:00   514d2b7d0446c88c0a303d207729bb47
templates/blog.json.liquid:
  development: 2017-08-17T04:41:35-04:00   4543ad970313a2527ee5bc34cffa598d
templates/blog.liquid:
  development: 2017-08-17T04:41:35-04:00   171108c51f6dae8e3fee037bb50ccb9a
templates/cart.liquid:
  development: 2017-08-17T04:41:35-04:00   90c27256d1b4fc73fb3e30ac26e45f28
templates/collection.liquid:
  development: 2017-08-17T04:41:35-04:00   e4cdb3e3aa1eb84d1ce8ab57d976b46d
templates/collection.list.liquid:
  development: 2017-08-17T04:41:35-04:00   6caf6920df1f27e9a2e5f357db6a5a2e
templates/customers/account.liquid:
  development: 2017-08-17T04:41:35-04:00   52bc0b3631cfe84ea44249f2040f4a20
templates/customers/activate_account.liquid:
  development: 2017-08-17T04:41:35-04:00   1704c28bdc49493d45f71a72cbc15221
templates/customers/addresses.liquid:
  development: 2017-08-17T04:41:35-04:00   15fa203020b3ff92bea61f936549f4eb
templates/customers/login.liquid:
  development: 2017-08-17T04:41:35-04:00   2dff46bcb26d8820d2837824eb45a20d
templates/customers/order.liquid:
  development: 2017-08-17T04:41:35-04:00   ac681072f6bf868348fc3a45eb91e077
templates/customers/register.liquid:
  development: 2017-08-17T04:41:35-04:00   8b58a66927fad3deb7aef6bcc1342fc2
templates/customers/reset_password.liquid:
  development: 2017-08-17T04:41:35-04:00   1192f721152b70e226885b0505267463
templates/gift_card.liquid:
  development: 2017-08-17T04:41:35-04:00   f3b0514ff42ab134aa4051399249ac5a
templates/index.liquid:
  development: 2017-08-17T04:41:35-04:00   56b51b6f96394db4b17c64b43e1c0010
templates/list-collections.liquid:
  development: 2017-08-17T04:41:35-04:00   53dd06fe4312d3444bbeef1e1e22eb1b
templates/page.contact.liquid:
  development: 2017-08-17T04:41:35-04:00   30928eb54cc7d5c6555f25969f5f1519
templates/page.landing-page.liquid:
  development: 2017-08-17T04:41:35-04:00   25b208d96dc27a602f1cf2db701cef81
templates/page.liquid:
  development: 2017-08-17T04:41:35-04:00   0e2134d8b81fea6b1daa0462dc3abcaf
templates/page.lookbook.liquid:
  development: 2017-08-17T04:41:35-04:00   353953c13bee6e7da12f201abcf9a4eb
templates/page.wish-list.liquid:
  development: 2017-08-17T04:41:35-04:00   5570990588faea20c2a55b9fb3a67d7a
templates/password.liquid:
  development: 2017-08-17T04:41:35-04:00   04c056339565b014d4eda5ce6a07def5
templates/product.boxed.liquid:
  development: 2017-08-17T04:41:35-04:00   63bb5cedce9e21a28ce8465e3f8e4628
templates/product.liquid:
  development: 2017-08-17T04:41:35-04:00   88015fa0d9bf3a4dbb823bb9f40ccbee
templates/search.json.liquid:
  development: 2017-08-17T04:41:35-04:00   d9857b53df8e6cc52abffcc02a5391e3
templates/search.liquid:
  development: 2017-08-17T04:41:35-04:00   90b44cc7168ccd751b93e24828f9159a
